
Microsoft Visual Studio Solution File, Format Version 12.00
# Visual Studio Version 16
VisualStudioVersion = 16.0.30011.22
MinimumVisualStudioVersion = 10.0.40219.1
Project("{FAE04EC0-301F-11D3-BF4B-00C04F79EFBC}") = "OracleMultithreadingTest", "OracleMultithreadingTest.csproj", "{B2FE39AF-287A-4830-AC19-DCB63233D63A}"
EndProject
Global
	GlobalSection(SolutionConfigurationPlatforms) = preSolution
		Debug|Any CPU = Debug|Any CPU
		Release|Any CPU = Release|Any CPU
	EndGlobalSection
	GlobalSection(ProjectConfigurationPlatforms) = postSolution
		{B2FE39AF-287A-4830-AC19-DCB63233D63A}.Debug|Any CPU.ActiveCfg = Debug|Any CPU
		{B2FE39AF-287A-4830-AC19-DCB63233D63A}.Debug|Any CPU.Build.0 = Debug|Any CPU
		{B2FE39AF-287A-4830-AC19-DCB63233D63A}.Release|Any CPU.ActiveCfg = Release|Any CPU
		{B2FE39AF-287A-4830-AC19-DCB63233D63A}.Release|Any CPU.Build.0 = Release|Any CPU
	EndGlobalSection
	GlobalSection(SolutionProperties) = preSolution
		HideSolutionNode = FALSE
	EndGlobalSection
	GlobalSection(ExtensibilityGlobals) = postSolution
		SolutionGuid = {6E8BC020-C638-4AA8-86DE-5F8906A854FB}
	EndGlobalSection
EndGlobal
